
Microsoft Visual Studio Solution File, Format Version 12.00
# Visual Studio 14
VisualStudioVersion = 14.0.25123.0
MinimumVisualStudioVersion = 10.0.40219.1
Project("{8BC9CEB8-8B4A-11D0-8D11-00A0C91BC942}") = "Endians", "Endians\Endians.vcxproj", "{20E43E1F-0BC0-480E-9832-FC63C8059AB2}"
EndProject
Project("{8BC9CEB8-8B4A-11D0-8D11-00A0C91BC942}") = "LectureNote", "LectureNote\LectureNote.vcxproj", "{1A4EF6F9-8A13-44E9-90CA-E3A21A65C02C}"
EndProject
Project("{8BC9CEB8-8B4A-11D0-8D11-00A0C91BC942}") = "Encrypt", "Encrypt\Encrypt.vcxproj", "{1F2BE856-51CD-46C5-B376-A42D7380C048}"
EndProject
Project("{8BC9CEB8-8B4A-11D0-8D11-00A0C91BC942}") = "MakeOne", "MakeOne\MakeOne.vcxproj", "{B5272BC6-F847-4B29-BA8C-6C3EA90FA782}"
EndProject
Project("{8BC9CEB8-8B4A-11D0-8D11-00A0C91BC942}") = "Fibonacci", "Fibonacci\Fibonacci.vcxproj", "{2FF38810-1F4F-40CF-BDD2-0961B2E96935}"
EndProject
Project("{8BC9CEB8-8B4A-11D0-8D11-00A0C91BC942}") = "DrunkSangbeom", "DrunkSangbeom\DrunkSangbeom.vcxproj", "{D03C3653-9CFD-4AA7-97EB-5364C4F42039}"
EndProject
Project("{8BC9CEB8-8B4A-11D0-8D11-00A0C91BC942}") = "URIDecoding", "URIDecoding\URIDecoding.vcxproj", "{E164C012-ED78-4B21-9DA0-5AA91680F90E}"
EndProject
Project("{8BC9CEB8-8B4A-11D0-8D11-00A0C91BC942}") = "MismatchedBrackets", "MismatchedBrackets\MismatchedBrackets.vcxproj", "{D2D9142D-0EA7-4635-8212-18FC72C04B81}"
EndProject
Project("{8BC9CEB8-8B4A-11D0-8D11-00A0C91BC942}") = "MismatchedParenthesis", "MismatchedParenthesis\MismatchedParenthesis.vcxproj", "{0879915E-E481-4DF3-B25B-754B0AEEC546}"
EndProject
Project("{8BC9CEB8-8B4A-11D0-8D11-00A0C91BC942}") = "RGBDistance", "RGBDistance\RGBDistance.vcxproj", "{B39D263F-5494-48A9-807E-B1A340C86533}"
EndProject
Project("{8BC9CEB8-8B4A-11D0-8D11-00A0C91BC942}") = "PinaryNumber", "PinaryNumber\PinaryNumber.vcxproj", "{1908318C-10B4-4E47-BEDC-13BA7F20ABA2}"
EndProject
Global
	GlobalSection(SolutionConfigurationPlatforms) = preSolution
		Debug|x64 = Debug|x64
		Debug|x86 = Debug|x86
		Release|x64 = Release|x64
		Release|x86 = Release|x86
	EndGlobalSection
	GlobalSection(ProjectConfigurationPlatforms) = postSolution
		{20E43E1F-0BC0-480E-9832-FC63C8059AB2}.Debug|x64.ActiveCfg = Debug|x64
		{20E43E1F-0BC0-480E-9832-FC63C8059AB2}.Debug|x64.Build.0 = Debug|x64
		{20E43E1F-0BC0-480E-9832-FC63C8059AB2}.Debug|x86.ActiveCfg = Debug|Win32
		{20E43E1F-0BC0-480E-9832-FC63C8059AB2}.Debug|x86.Build.0 = Debug|Win32
		{20E43E1F-0BC0-480E-9832-FC63C8059AB2}.Release|x64.ActiveCfg = Release|x64
		{20E43E1F-0BC0-480E-9832-FC63C8059AB2}.Release|x64.Build.0 = Release|x64
		{20E43E1F-0BC0-480E-9832-FC63C8059AB2}.Release|x86.ActiveCfg = Release|Win32
		{20E43E1F-0BC0-480E-9832-FC63C8059AB2}.Release|x86.Build.0 = Release|Win32
		{1A4EF6F9-8A13-44E9-90CA-E3A21A65C02C}.Debug|x64.ActiveCfg = Debug|x64
		{1A4EF6F9-8A13-44E9-90CA-E3A21A65C02C}.Debug|x64.Build.0 = Debug|x64
		{1A4EF6F9-8A13-44E9-90CA-E3A21A65C02C}.Debug|x86.ActiveCfg = Debug|Win32
		{1A4EF6F9-8A13-44E9-90CA-E3A21A65C02C}.Debug|x86.Build.0 = Debug|Win32
		{1A4EF6F9-8A13-44E9-90CA-E3A21A65C02C}.Release|x64.ActiveCfg = Release|x64
		{1A4EF6F9-8A13-44E9-90CA-E3A21A65C02C}.Release|x64.Build.0 = Release|x64
		{1A4EF6F9-8A13-44E9-90CA-E3A21A65C02C}.Release|x86.ActiveCfg = Release|Win32
		{1A4EF6F9-8A13-44E9-90CA-E3A21A65C02C}.Release|x86.Build.0 = Release|Win32
		{1F2BE856-51CD-46C5-B376-A42D7380C048}.Debug|x64.ActiveCfg = Debug|x64
		{1F2BE856-51CD-46C5-B376-A42D7380C048}.Debug|x64.Build.0 = Debug|x64
		{1F2BE856-51CD-46C5-B376-A42D7380C048}.Debug|x86.ActiveCfg = Debug|Win32
		{1F2BE856-51CD-46C5-B376-A42D7380C048}.Debug|x86.Build.0 = Debug|Win32
		{1F2BE856-51CD-46C5-B376-A42D7380C048}.Release|x64.ActiveCfg = Release|x64
		{1F2BE856-51CD-46C5-B376-A42D7380C048}.Release|x64.Build.0 = Release|x64
		{1F2BE856-51CD-46C5-B376-A42D7380C048}.Release|x86.ActiveCfg = Release|Win32
		{1F2BE856-51CD-46C5-B376-A42D7380C048}.Release|x86.Build.0 = Release|Win32
		{B5272BC6-F847-4B29-BA8C-6C3EA90FA782}.Debug|x64.ActiveCfg = Debug|x64
		{B5272BC6-F847-4B29-BA8C-6C3EA90FA782}.Debug|x64.Build.0 = Debug|x64
		{B5272BC6-F847-4B29-BA8C-6C3EA90FA782}.Debug|x86.ActiveCfg = Debug|Win32
		{B5272BC6-F847-4B29-BA8C-6C3EA90FA782}.Debug|x86.Build.0 = Debug|Win32
		{B5272BC6-F847-4B29-BA8C-6C3EA90FA782}.Release|x64.ActiveCfg = Release|x64
		{B5272BC6-F847-4B29-BA8C-6C3EA90FA782}.Release|x64.Build.0 = Release|x64
		{B5272BC6-F847-4B29-BA8C-6C3EA90FA782}.Release|x86.ActiveCfg = Release|Win32
		{B5272BC6-F847-4B29-BA8C-6C3EA90FA782}.Release|x86.Build.0 = Release|Win32
		{2FF38810-1F4F-40CF-BDD2-0961B2E96935}.Debug|x64.ActiveCfg = Debug|x64
		{2FF38810-1F4F-40CF-BDD2-0961B2E96935}.Debug|x64.Build.0 = Debug|x64
		{2FF38810-1F4F-40CF-BDD2-0961B2E96935}.Debug|x86.ActiveCfg = Debug|Win32
		{2FF38810-1F4F-40CF-BDD2-0961B2E96935}.Debug|x86.Build.0 = Debug|Win32
		{2FF38810-1F4F-40CF-BDD2-0961B2E96935}.Release|x64.ActiveCfg = Release|x64
		{2FF38810-1F4F-40CF-BDD2-0961B2E96935}.Release|x64.Build.0 = Release|x64
		{2FF38810-1F4F-40CF-BDD2-0961B2E96935}.Release|x86.ActiveCfg = Release|Win32
		{2FF38810-1F4F-40CF-BDD2-0961B2E96935}.Release|x86.Build.0 = Release|Win32
		{D03C3653-9CFD-4AA7-97EB-5364C4F42039}.Debug|x64.ActiveCfg = Debug|x64
		{D03C3653-9CFD-4AA7-97EB-5364C4F42039}.Debug|x64.Build.0 = Debug|x64
		{D03C3653-9CFD-4AA7-97EB-5364C4F42039}.Debug|x86.ActiveCfg = Debug|Win32
		{D03C3653-9CFD-4AA7-97EB-5364C4F42039}.Debug|x86.Build.0 = Debug|Win32
		{D03C3653-9CFD-4AA7-97EB-5364C4F42039}.Release|x64.ActiveCfg = Release|x64
		{D03C3653-9CFD-4AA7-97EB-5364C4F42039}.Release|x64.Build.0 = Release|x64
		{D03C3653-9CFD-4AA7-97EB-5364C4F42039}.Release|x86.ActiveCfg = Release|Win32
		{D03C3653-9CFD-4AA7-97EB-5364C4F42039}.Release|x86.Build.0 = Release|Win32
		{E164C012-ED78-4B21-9DA0-5AA91680F90E}.Debug|x64.ActiveCfg = Debug|x64
		{E164C012-ED78-4B21-9DA0-5AA91680F90E}.Debug|x64.Build.0 = Debug|x64
		{E164C012-ED78-4B21-9DA0-5AA91680F90E}.Debug|x86.ActiveCfg = Debug|Win32
		{E164C012-ED78-4B21-9DA0-5AA91680F90E}.Debug|x86.Build.0 = Debug|Win32
		{E164C012-ED78-4B21-9DA0-5AA91680F90E}.Release|x64.ActiveCfg = Release|x64
		{E164C012-ED78-4B21-9DA0-5AA91680F90E}.Release|x64.Build.0 = Release|x64
		{E164C012-ED78-4B21-9DA0-5AA91680F90E}.Release|x86.ActiveCfg = Release|Win32
		{E164C012-ED78-4B21-9DA0-5AA91680F90E}.Release|x86.Build.0 = Release|Win32
		{D2D9142D-0EA7-4635-8212-18FC72C04B81}.Debug|x64.ActiveCfg = Debug|x64
		{D2D9142D-0EA7-4635-8212-18FC72C04B81}.Debug|x64.Build.0 = Debug|x64
		{D2D9142D-0EA7-4635-8212-18FC72C04B81}.Debug|x86.ActiveCfg = Debug|Win32
		{D2D9142D-0EA7-4635-8212-18FC72C04B81}.Debug|x86.Build.0 = Debug|Win32
		{D2D9142D-0EA7-4635-8212-18FC72C04B81}.Release|x64.ActiveCfg = Release|x64
		{D2D9142D-0EA7-4635-8212-18FC72C04B81}.Release|x64.Build.0 = Release|x64
		{D2D9142D-0EA7-4635-8212-18FC72C04B81}.Release|x86.ActiveCfg = Release|Win32
		{D2D9142D-0EA7-4635-8212-18FC72C04B81}.Release|x86.Build.0 = Release|Win32
		{0879915E-E481-4DF3-B25B-754B0AEEC546}.Debug|x64.ActiveCfg = Debug|x64
		{0879915E-E481-4DF3-B25B-754B0AEEC546}.Debug|x64.Build.0 = Debug|x64
		{0879915E-E481-4DF3-B25B-754B0AEEC546}.Debug|x86.ActiveCfg = Debug|Win32
		{0879915E-E481-4DF3-B25B-754B0AEEC546}.Debug|x86.Build.0 = Debug|Win32
		{0879915E-E481-4DF3-B25B-754B0AEEC546}.Release|x64.ActiveCfg = Release|x64
		{0879915E-E481-4DF3-B25B-754B0AEEC546}.Release|x64.Build.0 = Release|x64
		{0879915E-E481-4DF3-B25B-754B0AEEC546}.Release|x86.ActiveCfg = Release|Win32
		{0879915E-E481-4DF3-B25B-754B0AEEC546}.Release|x86.Build.0 = Release|Win32
		{B39D263F-5494-48A9-807E-B1A340C86533}.Debug|x64.ActiveCfg = Debug|x64
		{B39D263F-5494-48A9-807E-B1A340C86533}.Debug|x64.Build.0 = Debug|x64
		{B39D263F-5494-48A9-807E-B1A340C86533}.Debug|x86.ActiveCfg = Debug|Win32
		{B39D263F-5494-48A9-807E-B1A340C86533}.Debug|x86.Build.0 = Debug|Win32
		{B39D263F-5494-48A9-807E-B1A340C86533}.Release|x64.ActiveCfg = Release|x64
		{B39D263F-5494-48A9-807E-B1A340C86533}.Release|x64.Build.0 = Release|x64
		{B39D263F-5494-48A9-807E-B1A340C86533}.Release|x86.ActiveCfg = Release|Win32
		{B39D263F-5494-48A9-807E-B1A340C86533}.Release|x86.Build.0 = Release|Win32
		{1908318C-10B4-4E47-BEDC-13BA7F20ABA2}.Debug|x64.ActiveCfg = Debug|x64
		{1908318C-10B4-4E47-BEDC-13BA7F20ABA2}.Debug|x64.Build.0 = Debug|x64
		{1908318C-10B4-4E47-BEDC-13BA7F20ABA2}.Debug|x86.ActiveCfg = Debug|Win32
		{1908318C-10B4-4E47-BEDC-13BA7F20ABA2}.Debug|x86.Build.0 = Debug|Win32
		{1908318C-10B4-4E47-BEDC-13BA7F20ABA2}.Release|x64.ActiveCfg = Release|x64
		{1908318C-10B4-4E47-BEDC-13BA7F20ABA2}.Release|x64.Build.0 = Release|x64
		{1908318C-10B4-4E47-BEDC-13BA7F20ABA2}.Release|x86.ActiveCfg = Release|Win32
		{1908318C-10B4-4E47-BEDC-13BA7F20ABA2}.Release|x86.Build.0 = Release|Win32
	EndGlobalSection
	GlobalSection(SolutionProperties) = preSolution
		HideSolutionNode = FALSE
	EndGlobalSection
EndGlobal
