
Microsoft Visual Studio Solution File, Format Version 12.00
# Visual Studio 14
VisualStudioVersion = 14.0.25420.1
MinimumVisualStudioVersion = 10.0.40219.1
Project("{8BC9CEB8-8B4A-11D0-8D11-00A0C91BC942}") = "Endians", "Endians\Endians.vcxproj", "{20E43E1F-0BC0-480E-9832-FC63C8059AB2}"
EndProject
Project("{8BC9CEB8-8B4A-11D0-8D11-00A0C91BC942}") = "LectureNote", "LectureNote\LectureNote.vcxproj", "{1A4EF6F9-8A13-44E9-90CA-E3A21A65C02C}"
EndProject
Project("{8BC9CEB8-8B4A-11D0-8D11-00A0C91BC942}") = "Encrypt", "Encrypt\Encrypt.vcxproj", "{1F2BE856-51CD-46C5-B376-A42D7380C048}"
EndProject
Project("{8BC9CEB8-8B4A-11D0-8D11-00A0C91BC942}") = "MakeOne", "MakeOne\MakeOne.vcxproj", "{B5272BC6-F847-4B29-BA8C-6C3EA90FA782}"
EndProject
Project("{8BC9CEB8-8B4A-11D0-8D11-00A0C91BC942}") = "Fibonacci", "Fibonacci\Fibonacci.vcxproj", "{2FF38810-1F4F-40CF-BDD2-0961B2E96935}"
EndProject
Project("{8BC9CEB8-8B4A-11D0-8D11-00A0C91BC942}") = "DrunkSangbeom", "DrunkSangbeom\DrunkSangbeom.vcxproj", "{D03C3653-9CFD-4AA7-97EB-5364C4F42039}"
EndProject
Project("{8BC9CEB8-8B4A-11D0-8D11-00A0C91BC942}") = "URIDecoding", "URIDecoding\URIDecoding.vcxproj", "{E164C012-ED78-4B21-9DA0-5AA91680F90E}"
EndProject
Project("{8BC9CEB8-8B4A-11D0-8D11-00A0C91BC942}") = "MismatchedBrackets", "MismatchedBrackets\MismatchedBrackets.vcxproj", "{D2D9142D-0EA7-4635-8212-18FC72C04B81}"
EndProject
Project("{8BC9CEB8-8B4A-11D0-8D11-00A0C91BC942}") = "MismatchedParenthesis", "MismatchedParenthesis\MismatchedParenthesis.vcxproj", "{0879915E-E481-4DF3-B25B-754B0AEEC546}"
EndProject
Project("{8BC9CEB8-8B4A-11D0-8D11-00A0C91BC942}") = "RGBDistance", "RGBDistance\RGBDistance.vcxproj", "{B39D263F-5494-48A9-807E-B1A340C86533}"
EndProject
Project("{8BC9CEB8-8B4A-11D0-8D11-00A0C91BC942}") = "PinaryNumber", "PinaryNumber\PinaryNumber.vcxproj", "{1908318C-10B4-4E47-BEDC-13BA7F20ABA2}"
EndProject
Project("{8BC9CEB8-8B4A-11D0-8D11-00A0C91BC942}") = "StairClimbing", "StairClimbing\StairClimbing.vcxproj", "{5E3B199D-FFF1-4D13-97F4-4B24CFE5DEE1}"
EndProject
Project("{8BC9CEB8-8B4A-11D0-8D11-00A0C91BC942}") = "StairClimbing2", "StairClimbing2\StairClimbing2.vcxproj", "{ED6A6776-4BE5-4FDB-834B-91AF51AFB288}"
EndProject
Project("{8BC9CEB8-8B4A-11D0-8D11-00A0C91BC942}") = "LogJumping", "LogJumping\LogJumping.vcxproj", "{FAC46EBB-74CB-446B-9BF7-52B46439F884}"
EndProject
Project("{8BC9CEB8-8B4A-11D0-8D11-00A0C91BC942}") = "WineTaste", "WineTaste\WineTaste.vcxproj", "{9E8C0EAE-4039-4874-93C9-B65884596C4F}"
EndProject
Project("{8BC9CEB8-8B4A-11D0-8D11-00A0C91BC942}") = "The3n+1", "The3n+1\The3n+1.vcxproj", "{34E5E196-2230-47A8-9E11-7E913567438C}"
EndProject
Project("{8BC9CEB8-8B4A-11D0-8D11-00A0C91BC942}") = "TheTrip", "TheTrip\TheTrip.vcxproj", "{0CBC2D80-13DA-4B50-B2E6-4142049BF742}"
EndProject
Project("{8BC9CEB8-8B4A-11D0-8D11-00A0C91BC942}") = "NumberTriangle", "NumberTriangle\NumberTriangle.vcxproj", "{848BEF2B-E890-4F5A-A503-C9B1CA1AEFD6}"
EndProject
Project("{8BC9CEB8-8B4A-11D0-8D11-00A0C91BC942}") = "PasswordMaking", "PasswordMaking\PasswordMaking.vcxproj", "{38F119E8-62C4-46C6-AD28-E4AC378756EB}"
EndProject
Project("{8BC9CEB8-8B4A-11D0-8D11-00A0C91BC942}") = "DFS_BFS", "DFS_BFS\DFS_BFS.vcxproj", "{DC9CF3FD-D410-4204-A364-FD48C4CC4E05}"
EndProject
Project("{8BC9CEB8-8B4A-11D0-8D11-00A0C91BC942}") = "Z", "Z\Z.vcxproj", "{3B9E3454-C2EF-4DA5-A4E4-B66B29D05596}"
EndProject
Project("{8BC9CEB8-8B4A-11D0-8D11-00A0C91BC942}") = "Kangaroo", "Kangaroo\Kangaroo.vcxproj", "{B73C1317-4AF0-401C-91A3-65A53FC2ED70}"
EndProject
Project("{8BC9CEB8-8B4A-11D0-8D11-00A0C91BC942}") = "StringPickup", "StringPickup\StringPickup.vcxproj", "{3147CD5E-FB33-4490-ABAE-77EF2951C6AF}"
EndProject
Project("{8BC9CEB8-8B4A-11D0-8D11-00A0C91BC942}") = "CattleshedAllocation", "CattleshedAllocation\CattleshedAllocation.vcxproj", "{3F46F575-B2B5-4343-B3A4-79122C919AD3}"
EndProject
Project("{8BC9CEB8-8B4A-11D0-8D11-00A0C91BC942}") = "NewEmployee", "NewEmployee\NewEmployee.vcxproj", "{EDD5D544-4940-4747-96D4-9162FB102B62}"
EndProject
Project("{8BC9CEB8-8B4A-11D0-8D11-00A0C91BC942}") = "WheelOfNumbers", "WheelOfNumbers\WheelOfNumbers.vcxproj", "{DA7B8DA7-C890-445F-A84E-46D794979FC0}"
EndProject
Project("{8BC9CEB8-8B4A-11D0-8D11-00A0C91BC942}") = "TreeEdit", "TreeEdit\TreeEdit.vcxproj", "{F2035BBB-3C4E-4BAB-A0AE-8B37EFE0691A}"
EndProject
Project("{8BC9CEB8-8B4A-11D0-8D11-00A0C91BC942}") = "PrimeNumber", "PrimeNumber\PrimeNumber.vcxproj", "{3D6A06B5-ABDE-4BAE-9D60-F08AE562A990}"
EndProject
Project("{8BC9CEB8-8B4A-11D0-8D11-00A0C91BC942}") = "PrimeNumber2", "PrimeNumber2\PrimeNumber2.vcxproj", "{0A96EEC5-66B4-4E6D-9109-E6A892C47C58}"
EndProject
Project("{8BC9CEB8-8B4A-11D0-8D11-00A0C91BC942}") = "PrimeNumber3", "PrimeNumber3\PrimeNumber3.vcxproj", "{3E8A2842-5687-438C-9E42-63F5D6996268}"
EndProject
Project("{2150E333-8FDC-42A3-9474-1A3956D46DE8}") = "Solution Items", "Solution Items", "{89053D2C-A0D6-4FAD-A886-127EEACEF1A1}"
	ProjectSection(SolutionItems) = preProject
		..\README.md = ..\README.md
	EndProjectSection
EndProject
Project("{8BC9CEB8-8B4A-11D0-8D11-00A0C91BC942}") = "Q-Index", "Q-Index\Q-Index.vcxproj", "{86BA5CE4-7DDE-49CC-8A91-86A23FFF6380}"
EndProject
Project("{8BC9CEB8-8B4A-11D0-8D11-00A0C91BC942}") = "Trucks", "Trucks\Trucks.vcxproj", "{AE5DA362-3732-4D2C-AF29-1E41749B8F31}"
EndProject
Project("{8BC9CEB8-8B4A-11D0-8D11-00A0C91BC942}") = "Packing", "Packing\Packing.vcxproj", "{37DA0887-F25E-4423-84E0-11A339BC1B78}"
EndProject
Project("{8BC9CEB8-8B4A-11D0-8D11-00A0C91BC942}") = "Morse", "Morse\Morse.vcxproj", "{C7531592-FF4E-42D1-B876-F6A8585A3677}"
EndProject
Project("{8BC9CEB8-8B4A-11D0-8D11-00A0C91BC942}") = "Dragon", "Dragon\Dragon.vcxproj", "{FC125EEA-B20E-4515-AAE2-AC6F01441D27}"
EndProject
Project("{8BC9CEB8-8B4A-11D0-8D11-00A0C91BC942}") = "DownhillRoad", "DownhillRoad\DownhillRoad.vcxproj", "{CDC94320-1A20-4D1E-8C27-A57E2A3C13C7}"
EndProject
Project("{8BC9CEB8-8B4A-11D0-8D11-00A0C91BC942}") = "TriTiling", "TriTiling\TriTiling.vcxproj", "{EC991A78-BA0E-4E5D-9B3F-914ACEA6BFA5}"
EndProject
Project("{8BC9CEB8-8B4A-11D0-8D11-00A0C91BC942}") = "BoxPushing", "BoxPushing\BoxPushing.vcxproj", "{1594929E-C322-424C-9B8E-9D6F449EA633}"
EndProject
Project("{8BC9CEB8-8B4A-11D0-8D11-00A0C91BC942}") = "MeetingAllocation", "MeetingAllocation\MeetingAllocation.vcxproj", "{BA34EFED-9274-4A2A-8C01-B27F5937BAA0}"
EndProject
Global
	GlobalSection(SolutionConfigurationPlatforms) = preSolution
		Debug|x64 = Debug|x64
		Debug|x86 = Debug|x86
		Release|x64 = Release|x64
		Release|x86 = Release|x86
	EndGlobalSection
	GlobalSection(ProjectConfigurationPlatforms) = postSolution
		{20E43E1F-0BC0-480E-9832-FC63C8059AB2}.Debug|x64.ActiveCfg = Debug|x64
		{20E43E1F-0BC0-480E-9832-FC63C8059AB2}.Debug|x64.Build.0 = Debug|x64
		{20E43E1F-0BC0-480E-9832-FC63C8059AB2}.Debug|x86.ActiveCfg = Debug|Win32
		{20E43E1F-0BC0-480E-9832-FC63C8059AB2}.Debug|x86.Build.0 = Debug|Win32
		{20E43E1F-0BC0-480E-9832-FC63C8059AB2}.Release|x64.ActiveCfg = Release|x64
		{20E43E1F-0BC0-480E-9832-FC63C8059AB2}.Release|x64.Build.0 = Release|x64
		{20E43E1F-0BC0-480E-9832-FC63C8059AB2}.Release|x86.ActiveCfg = Release|Win32
		{20E43E1F-0BC0-480E-9832-FC63C8059AB2}.Release|x86.Build.0 = Release|Win32
		{1A4EF6F9-8A13-44E9-90CA-E3A21A65C02C}.Debug|x64.ActiveCfg = Debug|x64
		{1A4EF6F9-8A13-44E9-90CA-E3A21A65C02C}.Debug|x64.Build.0 = Debug|x64
		{1A4EF6F9-8A13-44E9-90CA-E3A21A65C02C}.Debug|x86.ActiveCfg = Debug|Win32
		{1A4EF6F9-8A13-44E9-90CA-E3A21A65C02C}.Debug|x86.Build.0 = Debug|Win32
		{1A4EF6F9-8A13-44E9-90CA-E3A21A65C02C}.Release|x64.ActiveCfg = Release|x64
		{1A4EF6F9-8A13-44E9-90CA-E3A21A65C02C}.Release|x64.Build.0 = Release|x64
		{1A4EF6F9-8A13-44E9-90CA-E3A21A65C02C}.Release|x86.ActiveCfg = Release|Win32
		{1A4EF6F9-8A13-44E9-90CA-E3A21A65C02C}.Release|x86.Build.0 = Release|Win32
		{1F2BE856-51CD-46C5-B376-A42D7380C048}.Debug|x64.ActiveCfg = Debug|x64
		{1F2BE856-51CD-46C5-B376-A42D7380C048}.Debug|x64.Build.0 = Debug|x64
		{1F2BE856-51CD-46C5-B376-A42D7380C048}.Debug|x86.ActiveCfg = Debug|Win32
		{1F2BE856-51CD-46C5-B376-A42D7380C048}.Debug|x86.Build.0 = Debug|Win32
		{1F2BE856-51CD-46C5-B376-A42D7380C048}.Release|x64.ActiveCfg = Release|x64
		{1F2BE856-51CD-46C5-B376-A42D7380C048}.Release|x64.Build.0 = Release|x64
		{1F2BE856-51CD-46C5-B376-A42D7380C048}.Release|x86.ActiveCfg = Release|Win32
		{1F2BE856-51CD-46C5-B376-A42D7380C048}.Release|x86.Build.0 = Release|Win32
		{B5272BC6-F847-4B29-BA8C-6C3EA90FA782}.Debug|x64.ActiveCfg = Debug|x64
		{B5272BC6-F847-4B29-BA8C-6C3EA90FA782}.Debug|x64.Build.0 = Debug|x64
		{B5272BC6-F847-4B29-BA8C-6C3EA90FA782}.Debug|x86.ActiveCfg = Debug|Win32
		{B5272BC6-F847-4B29-BA8C-6C3EA90FA782}.Debug|x86.Build.0 = Debug|Win32
		{B5272BC6-F847-4B29-BA8C-6C3EA90FA782}.Release|x64.ActiveCfg = Release|x64
		{B5272BC6-F847-4B29-BA8C-6C3EA90FA782}.Release|x64.Build.0 = Release|x64
		{B5272BC6-F847-4B29-BA8C-6C3EA90FA782}.Release|x86.ActiveCfg = Release|Win32
		{B5272BC6-F847-4B29-BA8C-6C3EA90FA782}.Release|x86.Build.0 = Release|Win32
		{2FF38810-1F4F-40CF-BDD2-0961B2E96935}.Debug|x64.ActiveCfg = Debug|x64
		{2FF38810-1F4F-40CF-BDD2-0961B2E96935}.Debug|x64.Build.0 = Debug|x64
		{2FF38810-1F4F-40CF-BDD2-0961B2E96935}.Debug|x86.ActiveCfg = Debug|Win32
		{2FF38810-1F4F-40CF-BDD2-0961B2E96935}.Debug|x86.Build.0 = Debug|Win32
		{2FF38810-1F4F-40CF-BDD2-0961B2E96935}.Release|x64.ActiveCfg = Release|x64
		{2FF38810-1F4F-40CF-BDD2-0961B2E96935}.Release|x64.Build.0 = Release|x64
		{2FF38810-1F4F-40CF-BDD2-0961B2E96935}.Release|x86.ActiveCfg = Release|Win32
		{2FF38810-1F4F-40CF-BDD2-0961B2E96935}.Release|x86.Build.0 = Release|Win32
		{D03C3653-9CFD-4AA7-97EB-5364C4F42039}.Debug|x64.ActiveCfg = Debug|x64
		{D03C3653-9CFD-4AA7-97EB-5364C4F42039}.Debug|x64.Build.0 = Debug|x64
		{D03C3653-9CFD-4AA7-97EB-5364C4F42039}.Debug|x86.ActiveCfg = Debug|Win32
		{D03C3653-9CFD-4AA7-97EB-5364C4F42039}.Debug|x86.Build.0 = Debug|Win32
		{D03C3653-9CFD-4AA7-97EB-5364C4F42039}.Release|x64.ActiveCfg = Release|x64
		{D03C3653-9CFD-4AA7-97EB-5364C4F42039}.Release|x64.Build.0 = Release|x64
		{D03C3653-9CFD-4AA7-97EB-5364C4F42039}.Release|x86.ActiveCfg = Release|Win32
		{D03C3653-9CFD-4AA7-97EB-5364C4F42039}.Release|x86.Build.0 = Release|Win32
		{E164C012-ED78-4B21-9DA0-5AA91680F90E}.Debug|x64.ActiveCfg = Debug|x64
		{E164C012-ED78-4B21-9DA0-5AA91680F90E}.Debug|x64.Build.0 = Debug|x64
		{E164C012-ED78-4B21-9DA0-5AA91680F90E}.Debug|x86.ActiveCfg = Debug|Win32
		{E164C012-ED78-4B21-9DA0-5AA91680F90E}.Debug|x86.Build.0 = Debug|Win32
		{E164C012-ED78-4B21-9DA0-5AA91680F90E}.Release|x64.ActiveCfg = Release|x64
		{E164C012-ED78-4B21-9DA0-5AA91680F90E}.Release|x64.Build.0 = Release|x64
		{E164C012-ED78-4B21-9DA0-5AA91680F90E}.Release|x86.ActiveCfg = Release|Win32
		{E164C012-ED78-4B21-9DA0-5AA91680F90E}.Release|x86.Build.0 = Release|Win32
		{D2D9142D-0EA7-4635-8212-18FC72C04B81}.Debug|x64.ActiveCfg = Debug|x64
		{D2D9142D-0EA7-4635-8212-18FC72C04B81}.Debug|x64.Build.0 = Debug|x64
		{D2D9142D-0EA7-4635-8212-18FC72C04B81}.Debug|x86.ActiveCfg = Debug|Win32
		{D2D9142D-0EA7-4635-8212-18FC72C04B81}.Debug|x86.Build.0 = Debug|Win32
		{D2D9142D-0EA7-4635-8212-18FC72C04B81}.Release|x64.ActiveCfg = Release|x64
		{D2D9142D-0EA7-4635-8212-18FC72C04B81}.Release|x64.Build.0 = Release|x64
		{D2D9142D-0EA7-4635-8212-18FC72C04B81}.Release|x86.ActiveCfg = Release|Win32
		{D2D9142D-0EA7-4635-8212-18FC72C04B81}.Release|x86.Build.0 = Release|Win32
		{0879915E-E481-4DF3-B25B-754B0AEEC546}.Debug|x64.ActiveCfg = Debug|x64
		{0879915E-E481-4DF3-B25B-754B0AEEC546}.Debug|x64.Build.0 = Debug|x64
		{0879915E-E481-4DF3-B25B-754B0AEEC546}.Debug|x86.ActiveCfg = Debug|Win32
		{0879915E-E481-4DF3-B25B-754B0AEEC546}.Debug|x86.Build.0 = Debug|Win32
		{0879915E-E481-4DF3-B25B-754B0AEEC546}.Release|x64.ActiveCfg = Release|x64
		{0879915E-E481-4DF3-B25B-754B0AEEC546}.Release|x64.Build.0 = Release|x64
		{0879915E-E481-4DF3-B25B-754B0AEEC546}.Release|x86.ActiveCfg = Release|Win32
		{0879915E-E481-4DF3-B25B-754B0AEEC546}.Release|x86.Build.0 = Release|Win32
		{B39D263F-5494-48A9-807E-B1A340C86533}.Debug|x64.ActiveCfg = Debug|x64
		{B39D263F-5494-48A9-807E-B1A340C86533}.Debug|x64.Build.0 = Debug|x64
		{B39D263F-5494-48A9-807E-B1A340C86533}.Debug|x86.ActiveCfg = Debug|Win32
		{B39D263F-5494-48A9-807E-B1A340C86533}.Debug|x86.Build.0 = Debug|Win32
		{B39D263F-5494-48A9-807E-B1A340C86533}.Release|x64.ActiveCfg = Release|x64
		{B39D263F-5494-48A9-807E-B1A340C86533}.Release|x64.Build.0 = Release|x64
		{B39D263F-5494-48A9-807E-B1A340C86533}.Release|x86.ActiveCfg = Release|Win32
		{B39D263F-5494-48A9-807E-B1A340C86533}.Release|x86.Build.0 = Release|Win32
		{1908318C-10B4-4E47-BEDC-13BA7F20ABA2}.Debug|x64.ActiveCfg = Debug|x64
		{1908318C-10B4-4E47-BEDC-13BA7F20ABA2}.Debug|x64.Build.0 = Debug|x64
		{1908318C-10B4-4E47-BEDC-13BA7F20ABA2}.Debug|x86.ActiveCfg = Debug|Win32
		{1908318C-10B4-4E47-BEDC-13BA7F20ABA2}.Debug|x86.Build.0 = Debug|Win32
		{1908318C-10B4-4E47-BEDC-13BA7F20ABA2}.Release|x64.ActiveCfg = Release|x64
		{1908318C-10B4-4E47-BEDC-13BA7F20ABA2}.Release|x64.Build.0 = Release|x64
		{1908318C-10B4-4E47-BEDC-13BA7F20ABA2}.Release|x86.ActiveCfg = Release|Win32
		{1908318C-10B4-4E47-BEDC-13BA7F20ABA2}.Release|x86.Build.0 = Release|Win32
		{5E3B199D-FFF1-4D13-97F4-4B24CFE5DEE1}.Debug|x64.ActiveCfg = Debug|x64
		{5E3B199D-FFF1-4D13-97F4-4B24CFE5DEE1}.Debug|x64.Build.0 = Debug|x64
		{5E3B199D-FFF1-4D13-97F4-4B24CFE5DEE1}.Debug|x86.ActiveCfg = Debug|Win32
		{5E3B199D-FFF1-4D13-97F4-4B24CFE5DEE1}.Debug|x86.Build.0 = Debug|Win32
		{5E3B199D-FFF1-4D13-97F4-4B24CFE5DEE1}.Release|x64.ActiveCfg = Release|x64
		{5E3B199D-FFF1-4D13-97F4-4B24CFE5DEE1}.Release|x64.Build.0 = Release|x64
		{5E3B199D-FFF1-4D13-97F4-4B24CFE5DEE1}.Release|x86.ActiveCfg = Release|Win32
		{5E3B199D-FFF1-4D13-97F4-4B24CFE5DEE1}.Release|x86.Build.0 = Release|Win32
		{ED6A6776-4BE5-4FDB-834B-91AF51AFB288}.Debug|x64.ActiveCfg = Debug|x64
		{ED6A6776-4BE5-4FDB-834B-91AF51AFB288}.Debug|x64.Build.0 = Debug|x64
		{ED6A6776-4BE5-4FDB-834B-91AF51AFB288}.Debug|x86.ActiveCfg = Debug|Win32
		{ED6A6776-4BE5-4FDB-834B-91AF51AFB288}.Debug|x86.Build.0 = Debug|Win32
		{ED6A6776-4BE5-4FDB-834B-91AF51AFB288}.Release|x64.ActiveCfg = Release|x64
		{ED6A6776-4BE5-4FDB-834B-91AF51AFB288}.Release|x64.Build.0 = Release|x64
		{ED6A6776-4BE5-4FDB-834B-91AF51AFB288}.Release|x86.ActiveCfg = Release|Win32
		{ED6A6776-4BE5-4FDB-834B-91AF51AFB288}.Release|x86.Build.0 = Release|Win32
		{FAC46EBB-74CB-446B-9BF7-52B46439F884}.Debug|x64.ActiveCfg = Debug|x64
		{FAC46EBB-74CB-446B-9BF7-52B46439F884}.Debug|x64.Build.0 = Debug|x64
		{FAC46EBB-74CB-446B-9BF7-52B46439F884}.Debug|x86.ActiveCfg = Debug|Win32
		{FAC46EBB-74CB-446B-9BF7-52B46439F884}.Debug|x86.Build.0 = Debug|Win32
		{FAC46EBB-74CB-446B-9BF7-52B46439F884}.Release|x64.ActiveCfg = Release|x64
		{FAC46EBB-74CB-446B-9BF7-52B46439F884}.Release|x64.Build.0 = Release|x64
		{FAC46EBB-74CB-446B-9BF7-52B46439F884}.Release|x86.ActiveCfg = Release|Win32
		{FAC46EBB-74CB-446B-9BF7-52B46439F884}.Release|x86.Build.0 = Release|Win32
		{9E8C0EAE-4039-4874-93C9-B65884596C4F}.Debug|x64.ActiveCfg = Debug|x64
		{9E8C0EAE-4039-4874-93C9-B65884596C4F}.Debug|x64.Build.0 = Debug|x64
		{9E8C0EAE-4039-4874-93C9-B65884596C4F}.Debug|x86.ActiveCfg = Debug|Win32
		{9E8C0EAE-4039-4874-93C9-B65884596C4F}.Debug|x86.Build.0 = Debug|Win32
		{9E8C0EAE-4039-4874-93C9-B65884596C4F}.Release|x64.ActiveCfg = Release|x64
		{9E8C0EAE-4039-4874-93C9-B65884596C4F}.Release|x64.Build.0 = Release|x64
		{9E8C0EAE-4039-4874-93C9-B65884596C4F}.Release|x86.ActiveCfg = Release|Win32
		{9E8C0EAE-4039-4874-93C9-B65884596C4F}.Release|x86.Build.0 = Release|Win32
		{34E5E196-2230-47A8-9E11-7E913567438C}.Debug|x64.ActiveCfg = Debug|x64
		{34E5E196-2230-47A8-9E11-7E913567438C}.Debug|x64.Build.0 = Debug|x64
		{34E5E196-2230-47A8-9E11-7E913567438C}.Debug|x86.ActiveCfg = Debug|Win32
		{34E5E196-2230-47A8-9E11-7E913567438C}.Debug|x86.Build.0 = Debug|Win32
		{34E5E196-2230-47A8-9E11-7E913567438C}.Release|x64.ActiveCfg = Release|x64
		{34E5E196-2230-47A8-9E11-7E913567438C}.Release|x64.Build.0 = Release|x64
		{34E5E196-2230-47A8-9E11-7E913567438C}.Release|x86.ActiveCfg = Release|Win32
		{34E5E196-2230-47A8-9E11-7E913567438C}.Release|x86.Build.0 = Release|Win32
		{0CBC2D80-13DA-4B50-B2E6-4142049BF742}.Debug|x64.ActiveCfg = Debug|x64
		{0CBC2D80-13DA-4B50-B2E6-4142049BF742}.Debug|x64.Build.0 = Debug|x64
		{0CBC2D80-13DA-4B50-B2E6-4142049BF742}.Debug|x86.ActiveCfg = Debug|Win32
		{0CBC2D80-13DA-4B50-B2E6-4142049BF742}.Debug|x86.Build.0 = Debug|Win32
		{0CBC2D80-13DA-4B50-B2E6-4142049BF742}.Release|x64.ActiveCfg = Release|x64
		{0CBC2D80-13DA-4B50-B2E6-4142049BF742}.Release|x64.Build.0 = Release|x64
		{0CBC2D80-13DA-4B50-B2E6-4142049BF742}.Release|x86.ActiveCfg = Release|Win32
		{0CBC2D80-13DA-4B50-B2E6-4142049BF742}.Release|x86.Build.0 = Release|Win32
		{848BEF2B-E890-4F5A-A503-C9B1CA1AEFD6}.Debug|x64.ActiveCfg = Debug|x64
		{848BEF2B-E890-4F5A-A503-C9B1CA1AEFD6}.Debug|x64.Build.0 = Debug|x64
		{848BEF2B-E890-4F5A-A503-C9B1CA1AEFD6}.Debug|x86.ActiveCfg = Debug|Win32
		{848BEF2B-E890-4F5A-A503-C9B1CA1AEFD6}.Debug|x86.Build.0 = Debug|Win32
		{848BEF2B-E890-4F5A-A503-C9B1CA1AEFD6}.Release|x64.ActiveCfg = Release|x64
		{848BEF2B-E890-4F5A-A503-C9B1CA1AEFD6}.Release|x64.Build.0 = Release|x64
		{848BEF2B-E890-4F5A-A503-C9B1CA1AEFD6}.Release|x86.ActiveCfg = Release|Win32
		{848BEF2B-E890-4F5A-A503-C9B1CA1AEFD6}.Release|x86.Build.0 = Release|Win32
		{38F119E8-62C4-46C6-AD28-E4AC378756EB}.Debug|x64.ActiveCfg = Debug|x64
		{38F119E8-62C4-46C6-AD28-E4AC378756EB}.Debug|x64.Build.0 = Debug|x64
		{38F119E8-62C4-46C6-AD28-E4AC378756EB}.Debug|x86.ActiveCfg = Debug|Win32
		{38F119E8-62C4-46C6-AD28-E4AC378756EB}.Debug|x86.Build.0 = Debug|Win32
		{38F119E8-62C4-46C6-AD28-E4AC378756EB}.Release|x64.ActiveCfg = Release|x64
		{38F119E8-62C4-46C6-AD28-E4AC378756EB}.Release|x64.Build.0 = Release|x64
		{38F119E8-62C4-46C6-AD28-E4AC378756EB}.Release|x86.ActiveCfg = Release|Win32
		{38F119E8-62C4-46C6-AD28-E4AC378756EB}.Release|x86.Build.0 = Release|Win32
		{DC9CF3FD-D410-4204-A364-FD48C4CC4E05}.Debug|x64.ActiveCfg = Debug|x64
		{DC9CF3FD-D410-4204-A364-FD48C4CC4E05}.Debug|x64.Build.0 = Debug|x64
		{DC9CF3FD-D410-4204-A364-FD48C4CC4E05}.Debug|x86.ActiveCfg = Debug|Win32
		{DC9CF3FD-D410-4204-A364-FD48C4CC4E05}.Debug|x86.Build.0 = Debug|Win32
		{DC9CF3FD-D410-4204-A364-FD48C4CC4E05}.Release|x64.ActiveCfg = Release|x64
		{DC9CF3FD-D410-4204-A364-FD48C4CC4E05}.Release|x64.Build.0 = Release|x64
		{DC9CF3FD-D410-4204-A364-FD48C4CC4E05}.Release|x86.ActiveCfg = Release|Win32
		{DC9CF3FD-D410-4204-A364-FD48C4CC4E05}.Release|x86.Build.0 = Release|Win32
		{3B9E3454-C2EF-4DA5-A4E4-B66B29D05596}.Debug|x64.ActiveCfg = Debug|x64
		{3B9E3454-C2EF-4DA5-A4E4-B66B29D05596}.Debug|x64.Build.0 = Debug|x64
		{3B9E3454-C2EF-4DA5-A4E4-B66B29D05596}.Debug|x86.ActiveCfg = Debug|Win32
		{3B9E3454-C2EF-4DA5-A4E4-B66B29D05596}.Debug|x86.Build.0 = Debug|Win32
		{3B9E3454-C2EF-4DA5-A4E4-B66B29D05596}.Release|x64.ActiveCfg = Release|x64
		{3B9E3454-C2EF-4DA5-A4E4-B66B29D05596}.Release|x64.Build.0 = Release|x64
		{3B9E3454-C2EF-4DA5-A4E4-B66B29D05596}.Release|x86.ActiveCfg = Release|Win32
		{3B9E3454-C2EF-4DA5-A4E4-B66B29D05596}.Release|x86.Build.0 = Release|Win32
		{B73C1317-4AF0-401C-91A3-65A53FC2ED70}.Debug|x64.ActiveCfg = Debug|x64
		{B73C1317-4AF0-401C-91A3-65A53FC2ED70}.Debug|x64.Build.0 = Debug|x64
		{B73C1317-4AF0-401C-91A3-65A53FC2ED70}.Debug|x86.ActiveCfg = Debug|Win32
		{B73C1317-4AF0-401C-91A3-65A53FC2ED70}.Debug|x86.Build.0 = Debug|Win32
		{B73C1317-4AF0-401C-91A3-65A53FC2ED70}.Release|x64.ActiveCfg = Release|x64
		{B73C1317-4AF0-401C-91A3-65A53FC2ED70}.Release|x64.Build.0 = Release|x64
		{B73C1317-4AF0-401C-91A3-65A53FC2ED70}.Release|x86.ActiveCfg = Release|Win32
		{B73C1317-4AF0-401C-91A3-65A53FC2ED70}.Release|x86.Build.0 = Release|Win32
		{3147CD5E-FB33-4490-ABAE-77EF2951C6AF}.Debug|x64.ActiveCfg = Debug|x64
		{3147CD5E-FB33-4490-ABAE-77EF2951C6AF}.Debug|x64.Build.0 = Debug|x64
		{3147CD5E-FB33-4490-ABAE-77EF2951C6AF}.Debug|x86.ActiveCfg = Debug|Win32
		{3147CD5E-FB33-4490-ABAE-77EF2951C6AF}.Debug|x86.Build.0 = Debug|Win32
		{3147CD5E-FB33-4490-ABAE-77EF2951C6AF}.Release|x64.ActiveCfg = Release|x64
		{3147CD5E-FB33-4490-ABAE-77EF2951C6AF}.Release|x64.Build.0 = Release|x64
		{3147CD5E-FB33-4490-ABAE-77EF2951C6AF}.Release|x86.ActiveCfg = Release|Win32
		{3147CD5E-FB33-4490-ABAE-77EF2951C6AF}.Release|x86.Build.0 = Release|Win32
		{3F46F575-B2B5-4343-B3A4-79122C919AD3}.Debug|x64.ActiveCfg = Debug|x64
		{3F46F575-B2B5-4343-B3A4-79122C919AD3}.Debug|x64.Build.0 = Debug|x64
		{3F46F575-B2B5-4343-B3A4-79122C919AD3}.Debug|x86.ActiveCfg = Debug|Win32
		{3F46F575-B2B5-4343-B3A4-79122C919AD3}.Debug|x86.Build.0 = Debug|Win32
		{3F46F575-B2B5-4343-B3A4-79122C919AD3}.Release|x64.ActiveCfg = Release|x64
		{3F46F575-B2B5-4343-B3A4-79122C919AD3}.Release|x64.Build.0 = Release|x64
		{3F46F575-B2B5-4343-B3A4-79122C919AD3}.Release|x86.ActiveCfg = Release|Win32
		{3F46F575-B2B5-4343-B3A4-79122C919AD3}.Release|x86.Build.0 = Release|Win32
		{EDD5D544-4940-4747-96D4-9162FB102B62}.Debug|x64.ActiveCfg = Debug|x64
		{EDD5D544-4940-4747-96D4-9162FB102B62}.Debug|x64.Build.0 = Debug|x64
		{EDD5D544-4940-4747-96D4-9162FB102B62}.Debug|x86.ActiveCfg = Debug|Win32
		{EDD5D544-4940-4747-96D4-9162FB102B62}.Debug|x86.Build.0 = Debug|Win32
		{EDD5D544-4940-4747-96D4-9162FB102B62}.Release|x64.ActiveCfg = Release|x64
		{EDD5D544-4940-4747-96D4-9162FB102B62}.Release|x64.Build.0 = Release|x64
		{EDD5D544-4940-4747-96D4-9162FB102B62}.Release|x86.ActiveCfg = Release|Win32
		{EDD5D544-4940-4747-96D4-9162FB102B62}.Release|x86.Build.0 = Release|Win32
		{DA7B8DA7-C890-445F-A84E-46D794979FC0}.Debug|x64.ActiveCfg = Debug|x64
		{DA7B8DA7-C890-445F-A84E-46D794979FC0}.Debug|x64.Build.0 = Debug|x64
		{DA7B8DA7-C890-445F-A84E-46D794979FC0}.Debug|x86.ActiveCfg = Debug|Win32
		{DA7B8DA7-C890-445F-A84E-46D794979FC0}.Debug|x86.Build.0 = Debug|Win32
		{DA7B8DA7-C890-445F-A84E-46D794979FC0}.Release|x64.ActiveCfg = Release|x64
		{DA7B8DA7-C890-445F-A84E-46D794979FC0}.Release|x64.Build.0 = Release|x64
		{DA7B8DA7-C890-445F-A84E-46D794979FC0}.Release|x86.ActiveCfg = Release|Win32
		{DA7B8DA7-C890-445F-A84E-46D794979FC0}.Release|x86.Build.0 = Release|Win32
		{F2035BBB-3C4E-4BAB-A0AE-8B37EFE0691A}.Debug|x64.ActiveCfg = Debug|x64
		{F2035BBB-3C4E-4BAB-A0AE-8B37EFE0691A}.Debug|x64.Build.0 = Debug|x64
		{F2035BBB-3C4E-4BAB-A0AE-8B37EFE0691A}.Debug|x86.ActiveCfg = Debug|Win32
		{F2035BBB-3C4E-4BAB-A0AE-8B37EFE0691A}.Debug|x86.Build.0 = Debug|Win32
		{F2035BBB-3C4E-4BAB-A0AE-8B37EFE0691A}.Release|x64.ActiveCfg = Release|x64
		{F2035BBB-3C4E-4BAB-A0AE-8B37EFE0691A}.Release|x64.Build.0 = Release|x64
		{F2035BBB-3C4E-4BAB-A0AE-8B37EFE0691A}.Release|x86.ActiveCfg = Release|Win32
		{F2035BBB-3C4E-4BAB-A0AE-8B37EFE0691A}.Release|x86.Build.0 = Release|Win32
		{3D6A06B5-ABDE-4BAE-9D60-F08AE562A990}.Debug|x64.ActiveCfg = Debug|x64
		{3D6A06B5-ABDE-4BAE-9D60-F08AE562A990}.Debug|x64.Build.0 = Debug|x64
		{3D6A06B5-ABDE-4BAE-9D60-F08AE562A990}.Debug|x86.ActiveCfg = Debug|Win32
		{3D6A06B5-ABDE-4BAE-9D60-F08AE562A990}.Debug|x86.Build.0 = Debug|Win32
		{3D6A06B5-ABDE-4BAE-9D60-F08AE562A990}.Release|x64.ActiveCfg = Release|x64
		{3D6A06B5-ABDE-4BAE-9D60-F08AE562A990}.Release|x64.Build.0 = Release|x64
		{3D6A06B5-ABDE-4BAE-9D60-F08AE562A990}.Release|x86.ActiveCfg = Release|Win32
		{3D6A06B5-ABDE-4BAE-9D60-F08AE562A990}.Release|x86.Build.0 = Release|Win32
		{0A96EEC5-66B4-4E6D-9109-E6A892C47C58}.Debug|x64.ActiveCfg = Debug|x64
		{0A96EEC5-66B4-4E6D-9109-E6A892C47C58}.Debug|x64.Build.0 = Debug|x64
		{0A96EEC5-66B4-4E6D-9109-E6A892C47C58}.Debug|x86.ActiveCfg = Debug|Win32
		{0A96EEC5-66B4-4E6D-9109-E6A892C47C58}.Debug|x86.Build.0 = Debug|Win32
		{0A96EEC5-66B4-4E6D-9109-E6A892C47C58}.Release|x64.ActiveCfg = Release|x64
		{0A96EEC5-66B4-4E6D-9109-E6A892C47C58}.Release|x64.Build.0 = Release|x64
		{0A96EEC5-66B4-4E6D-9109-E6A892C47C58}.Release|x86.ActiveCfg = Release|Win32
		{0A96EEC5-66B4-4E6D-9109-E6A892C47C58}.Release|x86.Build.0 = Release|Win32
		{3E8A2842-5687-438C-9E42-63F5D6996268}.Debug|x64.ActiveCfg = Debug|x64
		{3E8A2842-5687-438C-9E42-63F5D6996268}.Debug|x64.Build.0 = Debug|x64
		{3E8A2842-5687-438C-9E42-63F5D6996268}.Debug|x86.ActiveCfg = Debug|Win32
		{3E8A2842-5687-438C-9E42-63F5D6996268}.Debug|x86.Build.0 = Debug|Win32
		{3E8A2842-5687-438C-9E42-63F5D6996268}.Release|x64.ActiveCfg = Release|x64
		{3E8A2842-5687-438C-9E42-63F5D6996268}.Release|x64.Build.0 = Release|x64
		{3E8A2842-5687-438C-9E42-63F5D6996268}.Release|x86.ActiveCfg = Release|Win32
		{3E8A2842-5687-438C-9E42-63F5D6996268}.Release|x86.Build.0 = Release|Win32
		{86BA5CE4-7DDE-49CC-8A91-86A23FFF6380}.Debug|x64.ActiveCfg = Debug|x64
		{86BA5CE4-7DDE-49CC-8A91-86A23FFF6380}.Debug|x64.Build.0 = Debug|x64
		{86BA5CE4-7DDE-49CC-8A91-86A23FFF6380}.Debug|x86.ActiveCfg = Debug|Win32
		{86BA5CE4-7DDE-49CC-8A91-86A23FFF6380}.Debug|x86.Build.0 = Debug|Win32
		{86BA5CE4-7DDE-49CC-8A91-86A23FFF6380}.Release|x64.ActiveCfg = Release|x64
		{86BA5CE4-7DDE-49CC-8A91-86A23FFF6380}.Release|x64.Build.0 = Release|x64
		{86BA5CE4-7DDE-49CC-8A91-86A23FFF6380}.Release|x86.ActiveCfg = Release|Win32
		{86BA5CE4-7DDE-49CC-8A91-86A23FFF6380}.Release|x86.Build.0 = Release|Win32
		{AE5DA362-3732-4D2C-AF29-1E41749B8F31}.Debug|x64.ActiveCfg = Debug|x64
		{AE5DA362-3732-4D2C-AF29-1E41749B8F31}.Debug|x64.Build.0 = Debug|x64
		{AE5DA362-3732-4D2C-AF29-1E41749B8F31}.Debug|x86.ActiveCfg = Debug|Win32
		{AE5DA362-3732-4D2C-AF29-1E41749B8F31}.Debug|x86.Build.0 = Debug|Win32
		{AE5DA362-3732-4D2C-AF29-1E41749B8F31}.Release|x64.ActiveCfg = Release|x64
		{AE5DA362-3732-4D2C-AF29-1E41749B8F31}.Release|x64.Build.0 = Release|x64
		{AE5DA362-3732-4D2C-AF29-1E41749B8F31}.Release|x86.ActiveCfg = Release|Win32
		{AE5DA362-3732-4D2C-AF29-1E41749B8F31}.Release|x86.Build.0 = Release|Win32
		{37DA0887-F25E-4423-84E0-11A339BC1B78}.Debug|x64.ActiveCfg = Debug|x64
		{37DA0887-F25E-4423-84E0-11A339BC1B78}.Debug|x64.Build.0 = Debug|x64
		{37DA0887-F25E-4423-84E0-11A339BC1B78}.Debug|x86.ActiveCfg = Debug|Win32
		{37DA0887-F25E-4423-84E0-11A339BC1B78}.Debug|x86.Build.0 = Debug|Win32
		{37DA0887-F25E-4423-84E0-11A339BC1B78}.Release|x64.ActiveCfg = Release|x64
		{37DA0887-F25E-4423-84E0-11A339BC1B78}.Release|x64.Build.0 = Release|x64
		{37DA0887-F25E-4423-84E0-11A339BC1B78}.Release|x86.ActiveCfg = Release|Win32
		{37DA0887-F25E-4423-84E0-11A339BC1B78}.Release|x86.Build.0 = Release|Win32
		{C7531592-FF4E-42D1-B876-F6A8585A3677}.Debug|x64.ActiveCfg = Debug|x64
		{C7531592-FF4E-42D1-B876-F6A8585A3677}.Debug|x64.Build.0 = Debug|x64
		{C7531592-FF4E-42D1-B876-F6A8585A3677}.Debug|x86.ActiveCfg = Debug|Win32
		{C7531592-FF4E-42D1-B876-F6A8585A3677}.Debug|x86.Build.0 = Debug|Win32
		{C7531592-FF4E-42D1-B876-F6A8585A3677}.Release|x64.ActiveCfg = Release|x64
		{C7531592-FF4E-42D1-B876-F6A8585A3677}.Release|x64.Build.0 = Release|x64
		{C7531592-FF4E-42D1-B876-F6A8585A3677}.Release|x86.ActiveCfg = Release|Win32
		{C7531592-FF4E-42D1-B876-F6A8585A3677}.Release|x86.Build.0 = Release|Win32
		{FC125EEA-B20E-4515-AAE2-AC6F01441D27}.Debug|x64.ActiveCfg = Debug|x64
		{FC125EEA-B20E-4515-AAE2-AC6F01441D27}.Debug|x64.Build.0 = Debug|x64
		{FC125EEA-B20E-4515-AAE2-AC6F01441D27}.Debug|x86.ActiveCfg = Debug|Win32
		{FC125EEA-B20E-4515-AAE2-AC6F01441D27}.Debug|x86.Build.0 = Debug|Win32
		{FC125EEA-B20E-4515-AAE2-AC6F01441D27}.Release|x64.ActiveCfg = Release|x64
		{FC125EEA-B20E-4515-AAE2-AC6F01441D27}.Release|x64.Build.0 = Release|x64
		{FC125EEA-B20E-4515-AAE2-AC6F01441D27}.Release|x86.ActiveCfg = Release|Win32
		{FC125EEA-B20E-4515-AAE2-AC6F01441D27}.Release|x86.Build.0 = Release|Win32
		{CDC94320-1A20-4D1E-8C27-A57E2A3C13C7}.Debug|x64.ActiveCfg = Debug|x64
		{CDC94320-1A20-4D1E-8C27-A57E2A3C13C7}.Debug|x64.Build.0 = Debug|x64
		{CDC94320-1A20-4D1E-8C27-A57E2A3C13C7}.Debug|x86.ActiveCfg = Debug|Win32
		{CDC94320-1A20-4D1E-8C27-A57E2A3C13C7}.Debug|x86.Build.0 = Debug|Win32
		{CDC94320-1A20-4D1E-8C27-A57E2A3C13C7}.Release|x64.ActiveCfg = Release|x64
		{CDC94320-1A20-4D1E-8C27-A57E2A3C13C7}.Release|x64.Build.0 = Release|x64
		{CDC94320-1A20-4D1E-8C27-A57E2A3C13C7}.Release|x86.ActiveCfg = Release|Win32
		{CDC94320-1A20-4D1E-8C27-A57E2A3C13C7}.Release|x86.Build.0 = Release|Win32
		{EC991A78-BA0E-4E5D-9B3F-914ACEA6BFA5}.Debug|x64.ActiveCfg = Debug|x64
		{EC991A78-BA0E-4E5D-9B3F-914ACEA6BFA5}.Debug|x64.Build.0 = Debug|x64
		{EC991A78-BA0E-4E5D-9B3F-914ACEA6BFA5}.Debug|x86.ActiveCfg = Debug|Win32
		{EC991A78-BA0E-4E5D-9B3F-914ACEA6BFA5}.Debug|x86.Build.0 = Debug|Win32
		{EC991A78-BA0E-4E5D-9B3F-914ACEA6BFA5}.Release|x64.ActiveCfg = Release|x64
		{EC991A78-BA0E-4E5D-9B3F-914ACEA6BFA5}.Release|x64.Build.0 = Release|x64
		{EC991A78-BA0E-4E5D-9B3F-914ACEA6BFA5}.Release|x86.ActiveCfg = Release|Win32
		{EC991A78-BA0E-4E5D-9B3F-914ACEA6BFA5}.Release|x86.Build.0 = Release|Win32
		{1594929E-C322-424C-9B8E-9D6F449EA633}.Debug|x64.ActiveCfg = Debug|x64
		{1594929E-C322-424C-9B8E-9D6F449EA633}.Debug|x64.Build.0 = Debug|x64
		{1594929E-C322-424C-9B8E-9D6F449EA633}.Debug|x86.ActiveCfg = Debug|Win32
		{1594929E-C322-424C-9B8E-9D6F449EA633}.Debug|x86.Build.0 = Debug|Win32
		{1594929E-C322-424C-9B8E-9D6F449EA633}.Release|x64.ActiveCfg = Release|x64
		{1594929E-C322-424C-9B8E-9D6F449EA633}.Release|x64.Build.0 = Release|x64
		{1594929E-C322-424C-9B8E-9D6F449EA633}.Release|x86.ActiveCfg = Release|Win32
		{1594929E-C322-424C-9B8E-9D6F449EA633}.Release|x86.Build.0 = Release|Win32
		{BA34EFED-9274-4A2A-8C01-B27F5937BAA0}.Debug|x64.ActiveCfg = Debug|x64
		{BA34EFED-9274-4A2A-8C01-B27F5937BAA0}.Debug|x64.Build.0 = Debug|x64
		{BA34EFED-9274-4A2A-8C01-B27F5937BAA0}.Debug|x86.ActiveCfg = Debug|Win32
		{BA34EFED-9274-4A2A-8C01-B27F5937BAA0}.Debug|x86.Build.0 = Debug|Win32
		{BA34EFED-9274-4A2A-8C01-B27F5937BAA0}.Release|x64.ActiveCfg = Release|x64
		{BA34EFED-9274-4A2A-8C01-B27F5937BAA0}.Release|x64.Build.0 = Release|x64
		{BA34EFED-9274-4A2A-8C01-B27F5937BAA0}.Release|x86.ActiveCfg = Release|Win32
		{BA34EFED-9274-4A2A-8C01-B27F5937BAA0}.Release|x86.Build.0 = Release|Win32
	EndGlobalSection
	GlobalSection(SolutionProperties) = preSolution
		HideSolutionNode = FALSE
	EndGlobalSection
EndGlobal
